
Microsoft Visual Studio Solution File, Format Version 12.00
# Visual Studio 15
VisualStudioVersion = 15.0.27004.2009
MinimumVisualStudioVersion = 10.0.40219.1
Project("{FAE04EC0-301F-11D3-BF4B-00C04F79EFBC}") = "Shooting Game", "Shooting Game\Shooting Game.csproj", "{74FE9A61-9851-4AAB-8608-7FBCD2EA3915}"
EndProject
Project("{FAE04EC0-301F-11D3-BF4B-00C04F79EFBC}") = "Mole Shooter", "..\Mole-Shooting-master\Mole Shooter\Mole Shooter.csproj", "{314C5957-6434-42FD-8DFE-72F5BCEDF5FB}"
EndProject
Global
	GlobalSection(SolutionConfigurationPlatforms) = preSolution
		Debug|Any CPU = Debug|Any CPU
		Release|Any CPU = Release|Any CPU
	EndGlobalSection
	GlobalSection(ProjectConfigurationPlatforms) = postSolution
		{74FE9A61-9851-4AAB-8608-7FBCD2EA3915}.Debug|Any CPU.ActiveCfg = Debug|Any CPU
		{74FE9A61-9851-4AAB-8608-7FBCD2EA3915}.Debug|Any CPU.Build.0 = Debug|Any CPU
		{74FE9A61-9851-4AAB-8608-7FBCD2EA3915}.Release|Any CPU.ActiveCfg = Release|Any CPU
		{74FE9A61-9851-4AAB-8608-7FBCD2EA3915}.Release|Any CPU.Build.0 = Release|Any CPU
		{314C5957-6434-42FD-8DFE-72F5BCEDF5FB}.Debug|Any CPU.ActiveCfg = Debug|Any CPU
		{314C5957-6434-42FD-8DFE-72F5BCEDF5FB}.Debug|Any CPU.Build.0 = Debug|Any CPU
		{314C5957-6434-42FD-8DFE-72F5BCEDF5FB}.Release|Any CPU.ActiveCfg = Release|Any CPU
		{314C5957-6434-42FD-8DFE-72F5BCEDF5FB}.Release|Any CPU.Build.0 = Release|Any CPU
	EndGlobalSection
	GlobalSection(SolutionProperties) = preSolution
		HideSolutionNode = FALSE
	EndGlobalSection
	GlobalSection(ExtensibilityGlobals) = postSolution
		SolutionGuid = {72ECBBC1-E2B7-4FD5-9F9E-B768A456DB41}
	EndGlobalSection
EndGlobal
